{
  "requires": true,
  "lockfileVersion": 1,
  "dependencies": {
    "scrape-youtube": {
      "version": "2.0.1",
      "resolved": "https://registry.npmjs.org/scrape-youtube/-/scrape-youtube-2.0.1.tgz",
      "integrity": "sha512-hsu0zCa0AAI1GY8tYvglP4GbAaK1Eep47o6oFfdA0VT8+EAJYNUSgPuCCCHEi0/Hyeq148ixPuk+XHh+IRR9Rw=="
    }
  }
}
